{
  "name": "unscreeps",
  "version": "1.0.0",
  "lockfileVersion": 1,
  "requires": true,
  "dependencies": {
    "@types/screeps": {
      "version": "3.1.2",
      "resolved": "https://registry.npmjs.org/@types/screeps/-/screeps-3.1.2.tgz",
      "integrity": "sha512-1cEBA5VMm2Er6QJi5WBPL5hsU42zRDlfS4Ys2o5TcoMFB4baL0FxHpZagm5+fu/+3m+IFaNJmJSeFb/lIOradA==",
      "dev": true
    },
    "typescript": {
      "version": "3.9.3",
      "resolved": "https://registry.npmjs.org/typescript/-/typescript-3.9.3.tgz",
      "integrity": "sha512-D/wqnB2xzNFIcoBG9FG8cXRDjiqSTbG2wd8DMZeQyJlP1vfTkIxH4GKveWaEBYySKIg+USu+E+EDIR47SqnaMQ==",
      "dev": true
    }
  }
}
